
Microsoft Visual Studio Solution File, Format Version 12.00
# Visual Studio Version 16
VisualStudioVersion = 25.0.1703.6
MinimumVisualStudioVersion = 10.0.40219.1
Project("{FAE04EC0-301F-11D3-BF4B-00C04F79EFBC}") = "SQA_Assignment2", "SQA_Assignment2\SQA_Assignment2.csproj", "{F38F7BD2-7EB1-414F-BE43-90967EAEABD9}"
EndProject
Project("{FAE04EC0-301F-11D3-BF4B-00C04F79EFBC}") = "SQA_Assignment.Tests", "SQA_Assignment.Tests\SQA_Assignment.Tests.csproj", "{127898E8-2228-47AA-8716-49EC8F4C576A}"
EndProject
Global
	GlobalSection(SolutionConfigurationPlatforms) = preSolution
		Debug|Any CPU = Debug|Any CPU
		Release|Any CPU = Release|Any CPU
	EndGlobalSection
	GlobalSection(ProjectConfigurationPlatforms) = postSolution
		{F38F7BD2-7EB1-414F-BE43-90967EAEABD9}.Debug|Any CPU.ActiveCfg = Debug|Any CPU
		{F38F7BD2-7EB1-414F-BE43-90967EAEABD9}.Debug|Any CPU.Build.0 = Debug|Any CPU
		{F38F7BD2-7EB1-414F-BE43-90967EAEABD9}.Release|Any CPU.ActiveCfg = Release|Any CPU
		{F38F7BD2-7EB1-414F-BE43-90967EAEABD9}.Release|Any CPU.Build.0 = Release|Any CPU
		{127898E8-2228-47AA-8716-49EC8F4C576A}.Debug|Any CPU.ActiveCfg = Debug|Any CPU
		{127898E8-2228-47AA-8716-49EC8F4C576A}.Debug|Any CPU.Build.0 = Debug|Any CPU
		{127898E8-2228-47AA-8716-49EC8F4C576A}.Release|Any CPU.ActiveCfg = Release|Any CPU
		{127898E8-2228-47AA-8716-49EC8F4C576A}.Release|Any CPU.Build.0 = Release|Any CPU
	EndGlobalSection
	GlobalSection(SolutionProperties) = preSolution
		HideSolutionNode = FALSE
	EndGlobalSection
	GlobalSection(ExtensibilityGlobals) = postSolution
		SolutionGuid = {5652F589-8368-408E-B19B-6B70DFCDA663}
	EndGlobalSection
EndGlobal
